// !$*UTF8*$!
{
	archiveVersion = 1;
	classes = {
	};
	objectVersion = 46;
	objects = {

/* Begin PBXBuildFile section */
		49468E121C14B9BA00258556 /* AppDelegate.swift in Sources */ = {isa = PBXBuildFile; fileRef = 49468E111C14B9BA00258556 /* AppDelegate.swift */; };
		49468E141C14B9BA00258556 /* ViewController.swift in Sources */ = {isa = PBXBuildFile; fileRef = 49468E131C14B9BA00258556 /* ViewController.swift */; };
		49468E171C14B9BA00258556 /* Main.storyboard in Resources */ = {isa = PBXBuildFile; fileRef = 49468E151C14B9BA00258556 /* Main.storyboard */; };
		49468E191C14B9BA00258556 /* Assets.xcassets in Resources */ = {isa = PBXBuildFile; fileRef = 49468E181C14B9BA00258556 /* Assets.xcassets */; };
		49468E1C1C14B9BA00258556 /* LaunchScreen.storyboard in Resources */ = {isa = PBXBuildFile; fileRef = 49468E1A1C14B9BA00258556 /* LaunchScreen.storyboard */; };
		49468E4C1C14BD9800258556 /* MemorykaartClass.swift in Sources */ = {isa = PBXBuildFile; fileRef = 49468E4B1C14BD9800258556 /* MemorykaartClass.swift */; };
		49578B481C3821AC009A0F60 /* Functions.swift in Sources */ = {isa = PBXBuildFile; fileRef = 49578B471C3821AC009A0F60 /* Functions.swift */; };
		497E41351C3C175400C67FE5 /* SameSameTests.swift in Sources */ = {isa = PBXBuildFile; fileRef = 497E41341C3C175400C67FE5 /* SameSameTests.swift */; };
/* End PBXBuildFile section */

/* Begin PBXContainerItemProxy section */
		497E41371C3C175400C67FE5 /* PBXContainerItemProxy */ = {
			isa = PBXContainerItemProxy;
			containerPortal = 49468E061C14B9BA00258556 /* Project object */;
			proxyType = 1;
			remoteGlobalIDString = 49468E0D1C14B9BA00258556;
			remoteInfo = SameSame;
		};
/* End PBXContainerItemProxy section */

/* Begin PBXFileReference section */
		49468E0E1C14B9BA00258556 /* SameSame.app */ = {isa = PBXFileReference; explicitFileType = wrapper.application; includeInIndex = 0; path = SameSame.app; sourceTree = BUILT_PRODUCTS_DIR; };
		49468E111C14B9BA00258556 /* AppDelegate.swift */ = {isa = PBXFileReference; lastKnownFileType = sourcecode.swift; path = AppDelegate.swift; sourceTree = "<group>"; };
		49468E131C14B9BA00258556 /* ViewController.swift */ = {isa = PBXFileReference; lastKnownFileType = sourcecode.swift; path = ViewController.swift; sourceTree = "<group>"; };
		49468E161C14B9BA00258556 /* Base */ = {isa = PBXFileReference; lastKnownFileType = file.storyboard; name = Base; path = Base.lproj/Main.storyboard; sourceTree = "<group>"; };
		49468E181C14B9BA00258556 /* Assets.xcassets */ = {isa = PBXFileReference; lastKnownFileType = folder.assetcatalog; path = Assets.xcassets; sourceTree = "<group>"; };
		49468E1B1C14B9BA00258556 /* Base */ = {isa = PBXFileReference; lastKnownFileType = file.storyboard; name = Base; path = Base.lproj/LaunchScreen.storyboard; sourceTree = "<group>"; };
		49468E1D1C14B9BA00258556 /* Info.plist */ = {isa = PBXFileReference; lastKnownFileType = text.plist.xml; path = Info.plist; sourceTree = "<group>"; };
		49468E4B1C14BD9800258556 /* MemorykaartClass.swift */ = {isa = PBXFileReference; fileEncoding = 4; lastKnownFileType = sourcecode.swift; path = MemorykaartClass.swift; sourceTree = "<group>"; };
		49578B471C3821AC009A0F60 /* Functions.swift */ = {isa = PBXFileReference; fileEncoding = 4; lastKnownFileType = sourcecode.swift; path = Functions.swift; sourceTree = "<group>"; };
		497E41321C3C175400C67FE5 /* SameSameTests.xctest */ = {isa = PBXFileReference; explicitFileType = wrapper.cfbundle; includeInIndex = 0; path = SameSameTests.xctest; sourceTree = BUILT_PRODUCTS_DIR; };
		497E41341C3C175400C67FE5 /* SameSameTests.swift */ = {isa = PBXFileReference; lastKnownFileType = sourcecode.swift; path = SameSameTests.swift; sourceTree = "<group>"; };
		497E41361C3C175400C67FE5 /* Info.plist */ = {isa = PBXFileReference; lastKnownFileType = text.plist.xml; path = Info.plist; sourceTree = "<group>"; };
/* End PBXFileReference section */

/* Begin PBXFrameworksBuildPhase section */
		49468E0B1C14B9BA00258556 /* Frameworks */ = {
			isa = PBXFrameworksBuildPhase;
			buildActionMask = 2147483647;
			files = (
			);
			runOnlyForDeploymentPostprocessing = 0;
		};
		497E412F1C3C175400C67FE5 /* Frameworks */ = {
			isa = PBXFrameworksBuildPhase;
			buildActionMask = 2147483647;
			files = (
			);
			runOnlyForDeploymentPostprocessing = 0;
		};
/* End PBXFrameworksBuildPhase section */

/* Begin PBXGroup section */
		49468E051C14B9BA00258556 = {
			isa = PBXGroup;
			children = (
				49468E101C14B9BA00258556 /* SameSame */,
				497E41331C3C175400C67FE5 /* SameSameTests */,
				49468E0F1C14B9BA00258556 /* Products */,
			);
			sourceTree = "<group>";
		};
		49468E0F1C14B9BA00258556 /* Products */ = {
			isa = PBXGroup;
			children = (
				49468E0E1C14B9BA00258556 /* SameSame.app */,
				497E41321C3C175400C67FE5 /* SameSameTests.xctest */,
			);
			name = Products;
			sourceTree = "<group>";
		};
		49468E101C14B9BA00258556 /* SameSame */ = {
			isa = PBXGroup;
			children = (
				49468E111C14B9BA00258556 /* AppDelegate.swift */,
				49468E131C14B9BA00258556 /* ViewController.swift */,
				49468E4B1C14BD9800258556 /* MemorykaartClass.swift */,
				49578B471C3821AC009A0F60 /* Functions.swift */,
				49468E151C14B9BA00258556 /* Main.storyboard */,
				49468E181C14B9BA00258556 /* Assets.xcassets */,
				49468E1A1C14B9BA00258556 /* LaunchScreen.storyboard */,
				49468E1D1C14B9BA00258556 /* Info.plist */,
			);
			path = SameSame;
			sourceTree = "<group>";
		};
		497E41331C3C175400C67FE5 /* SameSameTests */ = {
			isa = PBXGroup;
			children = (
				497E41341C3C175400C67FE5 /* SameSameTests.swift */,
				497E41361C3C175400C67FE5 /* Info.plist */,
			);
			path = SameSameTests;
			sourceTree = "<group>";
		};
/* End PBXGroup section */

/* Begin PBXNativeTarget section */
		49468E0D1C14B9BA00258556 /* SameSame */ = {
			isa = PBXNativeTarget;
			buildConfigurationList = 49468E201C14B9BA00258556 /* Build configuration list for PBXNativeTarget "SameSame" */;
			buildPhases = (
				49468E0A1C14B9BA00258556 /* Sources */,
				49468E0B1C14B9BA00258556 /* Frameworks */,
				49468E0C1C14B9BA00258556 /* Resources */,
			);
			buildRules = (
			);
			dependencies = (
			);
			name = SameSame;
			productName = SameSame;
			productReference = 49468E0E1C14B9BA00258556 /* SameSame.app */;
			productType = "com.apple.product-type.application";
		};
		497E41311C3C175400C67FE5 /* SameSameTests */ = {
			isa = PBXNativeTarget;
			buildConfigurationList = 497E413B1C3C175400C67FE5 /* Build configuration list for PBXNativeTarget "SameSameTests" */;
			buildPhases = (
				497E412E1C3C175400C67FE5 /* Sources */,
				497E412F1C3C175400C67FE5 /* Frameworks */,
				497E41301C3C175400C67FE5 /* Resources */,
			);
			buildRules = (
			);
			dependencies = (
				497E41381C3C175400C67FE5 /* PBXTargetDependency */,
			);
			name = SameSameTests;
			productName = SameSameTests;
			productReference = 497E41321C3C175400C67FE5 /* SameSameTests.xctest */;
			productType = "com.apple.product-type.bundle.unit-test";
		};
/* End PBXNativeTarget section */

/* Begin PBXProject section */
		49468E061C14B9BA00258556 /* Project object */ = {
			isa = PBXProject;
			attributes = {
				LastSwiftUpdateCheck = 0720;
				LastUpgradeCheck = 0710;
				ORGANIZATIONNAME = "Bastiaan Nelissen";
				TargetAttributes = {
					49468E0D1C14B9BA00258556 = {
						CreatedOnToolsVersion = 7.1.1;
						DevelopmentTeam = RU58526S27;
					};
					497E41311C3C175400C67FE5 = {
						CreatedOnToolsVersion = 7.2;
						DevelopmentTeam = RU58526S27;
						TestTargetID = 49468E0D1C14B9BA00258556;
					};
				};
			};
			buildConfigurationList = 49468E091C14B9BA00258556 /* Build configuration list for PBXProject "SameSame" */;
			compatibilityVersion = "Xcode 3.2";
			developmentRegion = English;
			hasScannedForEncodings = 0;
			knownRegions = (
				en,
				Base,
			);
			mainGroup = 49468E051C14B9BA00258556;
			productRefGroup = 49468E0F1C14B9BA00258556 /* Products */;
			projectDirPath = "";
			projectRoot = "";
			targets = (
				49468E0D1C14B9BA00258556 /* SameSame */,
				497E41311C3C175400C67FE5 /* SameSameTests */,
			);
		};
/* End PBXProject section */

/* Begin PBXResourcesBuildPhase section */
		49468E0C1C14B9BA00258556 /* Resources */ = {
			isa = PBXResourcesBuildPhase;
			buildActionMask = 2147483647;
			files = (
				49468E1C1C14B9BA00258556 /* LaunchScreen.storyboard in Resources */,
				49468E191C14B9BA00258556 /* Assets.xcassets in Resources */,
				49468E171C14B9BA00258556 /* Main.storyboard in Resources */,
			);
			runOnlyForDeploymentPostprocessing = 0;
		};
		497E41301C3C175400C67FE5 /* Resources */ = {
			isa = PBXResourcesBuildPhase;
			buildActionMask = 2147483647;
			files = (
			);
			runOnlyForDeploymentPostprocessing = 0;
		};
/* End PBXResourcesBuildPhase section */

/* Begin PBXSourcesBuildPhase section */
		49468E0A1C14B9BA00258556 /* Sources */ = {
			isa = PBXSourcesBuildPhase;
			buildActionMask = 2147483647;
			files = (
				49468E141C14B9BA00258556 /* ViewController.swift in Sources */,
				49468E4C1C14BD9800258556 /* MemorykaartClass.swift in Sources */,
				49468E121C14B9BA00258556 /* AppDelegate.swift in Sources */,
				49578B481C3821AC009A0F60 /* Functions.swift in Sources */,
			);
			runOnlyForDeploymentPostprocessing = 0;
		};
		497E412E1C3C175400C67FE5 /* Sources */ = {
			isa = PBXSourcesBuildPhase;
			buildActionMask = 2147483647;
			files = (
				497E41351C3C175400C67FE5 /* SameSameTests.swift in Sources */,
			);
			runOnlyForDeploymentPostprocessing = 0;
		};
/* End PBXSourcesBuildPhase section */

/* Begin PBXTargetDependency section */
		497E41381C3C175400C67FE5 /* PBXTargetDependency */ = {
			isa = PBXTargetDependency;
			target = 49468E0D1C14B9BA00258556 /* SameSame */;
			targetProxy = 497E41371C3C175400C67FE5 /* PBXContainerItemProxy */;
		};
/* End PBXTargetDependency section */

/* Begin PBXVariantGroup section */
		49468E151C14B9BA00258556 /* Main.storyboard */ = {
			isa = PBXVariantGroup;
			children = (
				49468E161C14B9BA00258556 /* Base */,
			);
			name = Main.storyboard;
			sourceTree = "<group>";
		};
		49468E1A1C14B9BA00258556 /* LaunchScreen.storyboard */ = {
			isa = PBXVariantGroup;
			children = (
				49468E1B1C14B9BA00258556 /* Base */,
			);
			name = LaunchScreen.storyboard;
			sourceTree = "<group>";
		};
/* End PBXVariantGroup section */

/* Begin XCBuildConfiguration section */
		49468E1E1C14B9BA00258556 /* Debug */ = {
			isa = XCBuildConfiguration;
			buildSettings = {
				ALWAYS_SEARCH_USER_PATHS = NO;
				CLANG_CXX_LANGUAGE_STANDARD = "gnu++0x";
				CLANG_CXX_LIBRARY = "libc++";
				CLANG_ENABLE_MODULES = YES;
				CLANG_ENABLE_OBJC_ARC = YES;
				CLANG_WARN_BOOL_CONVERSION = YES;
				CLANG_WARN_CONSTANT_CONVERSION = YES;
				CLANG_WARN_DIRECT_OBJC_ISA_USAGE = YES_ERROR;
				CLANG_WARN_EMPTY_BODY = YES;
				CLANG_WARN_ENUM_CONVERSION = YES;
				CLANG_WARN_INT_CONVERSION = YES;
				CLANG_WARN_OBJC_ROOT_CLASS = YES_ERROR;
				CLANG_WARN_UNREACHABLE_CODE = YES;
				CLANG_WARN__DUPLICATE_METHOD_MATCH = YES;
				"CODE_SIGN_IDENTITY[sdk=iphoneos*]" = "iPhone Developer";
				COPY_PHASE_STRIP = NO;
				DEBUG_INFORMATION_FORMAT = dwarf;
				ENABLE_STRICT_OBJC_MSGSEND = YES;
				ENABLE_TESTABILITY = YES;
				GCC_C_LANGUAGE_STANDARD = gnu99;
				GCC_DYNAMIC_NO_PIC = NO;
				GCC_NO_COMMON_BLOCKS = YES;
				GCC_OPTIMIZATION_LEVEL = 0;
				GCC_PREPROCESSOR_DEFINITIONS = (
					"DEBUG=1",
					"$(inherited)",
				);
				GCC_WARN_64_TO_32_BIT_CONVERSION = YES;
				GCC_WARN_ABOUT_RETURN_TYPE = YES_ERROR;
				GCC_WARN_UNDECLARED_SELECTOR = YES;
				GCC_WARN_UNINITIALIZED_AUTOS = YES_AGGRESSIVE;
				GCC_WARN_UNUSED_FUNCTION = YES;
				GCC_WARN_UNUSED_VARIABLE = YES;
				IPHONEOS_DEPLOYMENT_TARGET = 9.1;
				MTL_ENABLE_DEBUG_INFO = YES;
				ONLY_ACTIVE_ARCH = YES;
				SDKROOT = iphoneos;
				SWIFT_OPTIMIZATION_LEVEL = "-Onone";
				TARGETED_DEVICE_FAMILY = "1,2";
			};
			name = Debug;
		};
		49468E1F1C14B9BA00258556 /* Release */ = {
			isa = XCBuildConfiguration;
			buildSettings = {
				ALWAYS_SEARCH_USER_PATHS = NO;
				CLANG_CXX_LANGUAGE_STANDARD = "gnu++0x";
				CLANG_CXX_LIBRARY = "libc++";
				CLANG_ENABLE_MODULES = YES;
				CLANG_ENABLE_OBJC_ARC = YES;
				CLANG_WARN_BOOL_CONVERSION = YES;
				CLANG_WARN_CONSTANT_CONVERSION = YES;
				CLANG_WARN_DIRECT_OBJC_ISA_USAGE = YES_ERROR;
				CLANG_WARN_EMPTY_BODY = YES;
				CLANG_WARN_ENUM_CONVERSION = YES;
				CLANG_WARN_INT_CONVERSION = YES;
				CLANG_WARN_OBJC_ROOT_CLASS = YES_ERROR;
				CLANG_WARN_UNREACHABLE_CODE = YES;
				CLANG_WARN__DUPLICATE_METHOD_MATCH = YES;
				"CODE_SIGN_IDENTITY[sdk=iphoneos*]" = "iPhone Developer";
				COPY_PHASE_STRIP = NO;
				DEBUG_INFORMATION_FORMAT = "dwarf-with-dsym";
				ENABLE_NS_ASSERTIONS = NO;
				ENABLE_STRICT_OBJC_MSGSEND = YES;
				GCC_C_LANGUAGE_STANDARD = gnu99;
				GCC_NO_COMMON_BLOCKS = YES;
				GCC_WARN_64_TO_32_BIT_CONVERSION = YES;
				GCC_WARN_ABOUT_RETURN_TYPE = YES_ERROR;
				GCC_WARN_UNDECLARED_SELECTOR = YES;
				GCC_WARN_UNINITIALIZED_AUTOS = YES_AGGRESSIVE;
				GCC_WARN_UNUSED_FUNCTION = YES;
				GCC_WARN_UNUSED_VARIABLE = YES;
				IPHONEOS_DEPLOYMENT_TARGET = 9.1;
				MTL_ENABLE_DEBUG_INFO = NO;
				SDKROOT = iphoneos;
				TARGETED_DEVICE_FAMILY = "1,2";
				VALIDATE_PRODUCT = YES;
			};
			name = Release;
		};
		49468E211C14B9BA00258556 /* Debug */ = {
			isa = XCBuildConfiguration;
			buildSettings = {
				ASSETCATALOG_COMPILER_APPICON_NAME = AppIcon;
				CODE_SIGN_IDENTITY = "iPhone Developer";
				"CODE_SIGN_IDENTITY[sdk=iphoneos*]" = "iPhone Developer";
				INFOPLIST_FILE = SameSame/Info.plist;
				LD_RUNPATH_SEARCH_PATHS = "$(inherited) @executable_path/Frameworks";
				PRODUCT_BUNDLE_IDENTIFIER = st.guu.SameSame;
				PRODUCT_NAME = "$(TARGET_NAME)";
				PROVISIONING_PROFILE = "";
			};
			name = Debug;
		};
		49468E221C14B9BA00258556 /* Release */ = {
			isa = XCBuildConfiguration;
			buildSettings = {
				ASSETCATALOG_COMPILER_APPICON_NAME = AppIcon;
				CODE_SIGN_IDENTITY = "iPhone Developer";
				"CODE_SIGN_IDENTITY[sdk=iphoneos*]" = "iPhone Developer";
				INFOPLIST_FILE = SameSame/Info.plist;
				LD_RUNPATH_SEARCH_PATHS = "$(inherited) @executable_path/Frameworks";
				PRODUCT_BUNDLE_IDENTIFIER = st.guu.SameSame;
				PRODUCT_NAME = "$(TARGET_NAME)";
				PROVISIONING_PROFILE = "";
			};
			name = Release;
		};
		497E41391C3C175400C67FE5 /* Debug */ = {
			isa = XCBuildConfiguration;
			buildSettings = {
				BUNDLE_LOADER = "$(TEST_HOST)";
				INFOPLIST_FILE = SameSameTests/Info.plist;
				IPHONEOS_DEPLOYMENT_TARGET = 9.2;
				LD_RUNPATH_SEARCH_PATHS = "$(inherited) @executable_path/Frameworks @loader_path/Frameworks";
				PRODUCT_BUNDLE_IDENTIFIER = guu.st.SameSameTests;
				PRODUCT_NAME = "$(TARGET_NAME)";
				TEST_HOST = "$(BUILT_PRODUCTS_DIR)/SameSame.app/SameSame";
			};
			name = Debug;
		};
		497E413A1C3C175400C67FE5 /* Release */ = {
			isa = XCBuildConfiguration;
			buildSettings = {
				BUNDLE_LOADER = "$(TEST_HOST)";
				INFOPLIST_FILE = SameSameTests/Info.plist;
				IPHONEOS_DEPLOYMENT_TARGET = 9.2;
				LD_RUNPATH_SEARCH_PATHS = "$(inherited) @executable_path/Frameworks @loader_path/Frameworks";
				PRODUCT_BUNDLE_IDENTIFIER = guu.st.SameSameTests;
				PRODUCT_NAME = "$(TARGET_NAME)";
				TEST_HOST = "$(BUILT_PRODUCTS_DIR)/SameSame.app/SameSame";
			};
			name = Release;
		};
/* End XCBuildConfiguration section */

/* Begin XCConfigurationList section */
		49468E091C14B9BA00258556 /* Build configuration list for PBXProject "SameSame" */ = {
			isa = XCConfigurationList;
			buildConfigurations = (
				49468E1E1C14B9BA00258556 /* Debug */,
				49468E1F1C14B9BA00258556 /* Release */,
			);
			defaultConfigurationIsVisible = 0;
			defaultConfigurationName = Release;
		};
		49468E201C14B9BA00258556 /* Build configuration list for PBXNativeTarget "SameSame" */ = {
			isa = XCConfigurationList;
			buildConfigurations = (
				49468E211C14B9BA00258556 /* Debug */,
				49468E221C14B9BA00258556 /* Release */,
			);
			defaultConfigurationIsVisible = 0;
			defaultConfigurationName = Release;
		};
		497E413B1C3C175400C67FE5 /* Build configuration list for PBXNativeTarget "SameSameTests" */ = {
			isa = XCConfigurationList;
			buildConfigurations = (
				497E41391C3C175400C67FE5 /* Debug */,
				497E413A1C3C175400C67FE5 /* Release */,
			);
			defaultConfigurationIsVisible = 0;
		};
/* End XCConfigurationList section */
	};
	rootObject = 49468E061C14B9BA00258556 /* Project object */;
}
